{"version":4,"terraform_version":"1.11.4","serial":2,"lineage":"3c41544b-b0d0-c58c-a522-8a2eaca4193c","outputs":{},"resources":[{"mode":"managed","type":"docker_network","name":"app_network","provider":"provider[\"registry.opentofu.org/kreuzwerker/docker\"]","instances":[{"schema_version":1,"attributes":{"attachable":false,"driver":"bridge","id":"433765984f07daeccd272d16ccfd47be28beb7908bd2ab79dba0b3fdf9439fa3","ingress":false,"internal":false,"ipam_config":[{"aux_address":{},"gateway":"172.18.0.1","ip_range":"","subnet":"172.18.0.0/16"}],"ipam_driver":"default","ipam_options":null,"ipv6":false,"labels":[],"name":"deal_scraper_network","options":{},"scope":"local"},"sensitive_attributes":[],"private":"eyJzY2hlbWFfdmVyc2lvbiI6IjEifQ=="}]}],"check_results":null}
