{"version":4,"terraform_version":"1.11.4","serial":3,"lineage":"3c41544b-b0d0-c58c-a522-8a2eaca4193c","outputs":{},"resources":[{"mode":"managed","type":"docker_container","name":"mongo_db","provider":"provider[\"registry.opentofu.org/kreuzwerker/docker\"]","instances":[{"schema_version":2,"attributes":{"attach":false,"bridge":"","capabilities":[],"cgroup_parent":null,"cgroupns_mode":null,"command":["mongod"],"container_logs":null,"container_read_refresh_timeout_milliseconds":15000,"cpu_period":null,"cpu_quota":null,"cpu_set":"","cpu_shares":0,"cpus":null,"destroy_grace_seconds":null,"device_read_bps":[],"device_read_iops":[],"device_requests":[],"device_write_bps":[],"device_write_iops":[],"devices":[],"dns":null,"dns_opts":null,"dns_search":null,"domainname":"","entrypoint":["docker-entrypoint.sh"],"env":[],"exit_code":null,"gpus":null,"group_add":null,"healthcheck":null,"host":[],"hostname":"297c1e18b002","id":"297c1e18b002d14224f7b452eb6cba5b3c442e06ddc7c2a3f0846af55bde673d","image":"mongo:6.0","init":false,"ipc_mode":"private","labels":[],"log_driver":"json-file","log_opts":null,"logs":false,"max_retry_count":0,"memory":0,"memory_reservation":0,"memory_swap":0,"mounts":[],"must_run":true,"name":"dev_mongodb","network_data":[{"gateway":"172.18.0.1","global_ipv6_address":"","global_ipv6_prefix_length":0,"ip_address":"172.18.0.2","ip_prefix_length":16,"ipv6_gateway":"","mac_address":"ca:90:8c:24:b4:1e","network_name":"deal_scraper_network"}],"network_mode":"bridge","networks_advanced":[{"aliases":[],"driver_opts":[],"gw_priority":null,"ipv4_address":"","ipv6_address":"","link_local_ips":[],"mac_address":"","name":"deal_scraper_network"}],"pid_mode":"","platform":"linux","ports":[{"external":27017,"internal":27017,"ip":"0.0.0.0","protocol":"tcp"}],"privileged":false,"publish_all_ports":false,"read_only":false,"remove_volumes":true,"restart":"no","rm":false,"runtime":"runc","security_opts":[],"shm_size":64,"start":true,"stdin_open":false,"stop_signal":"","stop_timeout":0,"storage_opts":null,"sysctls":null,"timeouts":null,"tmpfs":null,"tty":false,"ulimit":[],"upload":[],"user":"","userns_mode":"","volumes":[{"container_path":"/data/db","from_container":"","host_path":"/home/subash/mongo_dev_data","read_only":null,"selinux_relabel":"","volume_name":""}],"wait":false,"wait_timeout":60,"working_dir":""},"sensitive_attributes":[],"private":"eyJlMmJmYjczMC1lY2FhLTExZTYtOGY4OC0zNDM2M2JjN2M0YzAiOnsiY3JlYXRlIjoxMjAwMDAwMDAwMDAwLCJkZWxldGUiOjEyMDAwMDAwMDAwMDAsInVwZGF0ZSI6MTIwMDAwMDAwMDAwMH0sInNjaGVtYV92ZXJzaW9uIjoiMiJ9","dependencies":["docker_network.app_network"]}]},{"mode":"managed","type":"docker_network","name":"app_network","provider":"provider[\"registry.opentofu.org/kreuzwerker/docker\"]","instances":[{"schema_version":1,"attributes":{"attachable":false,"driver":"bridge","id":"433765984f07daeccd272d16ccfd47be28beb7908bd2ab79dba0b3fdf9439fa3","ingress":false,"internal":false,"ipam_config":[{"aux_address":{},"gateway":"172.18.0.1","ip_range":"","subnet":"172.18.0.0/16"}],"ipam_driver":"default","ipam_options":{},"ipv6":false,"labels":[],"name":"deal_scraper_network","options":{},"scope":"local"},"sensitive_attributes":[],"private":"eyJzY2hlbWFfdmVyc2lvbiI6IjEifQ=="}]}],"check_results":null}
